// !$*UTF8*$!
{
	archiveVersion = 1;
	classes = {
	};
	objectVersion = 46;
	objects = {

/* Begin PBXBuildFile section */
		18E198821DD48DBA00F272D4 /* main.m in Sources */ = {isa = PBXBuildFile; fileRef = 18E198811DD48DBA00F272D4 /* main.m */; };
		18E198851DD48DBA00F272D4 /* AppDelegate.m in Sources */ = {isa = PBXBuildFile; fileRef = 18E198841DD48DBA00F272D4 /* AppDelegate.m */; };
		18E198881DD48DBA00F272D4 /* ViewController.m in Sources */ = {isa = PBXBuildFile; fileRef = 18E198871DD48DBA00F272D4 /* ViewController.m */; };
		18E1988B1DD48DBA00F272D4 /* Main.storyboard in Resources */ = {isa = PBXBuildFile; fileRef = 18E198891DD48DBA00F272D4 /* Main.storyboard */; };
		18E1988D1DD48DBA00F272D4 /* Assets.xcassets in Resources */ = {isa = PBXBuildFile; fileRef = 18E1988C1DD48DBA00F272D4 /* Assets.xcassets */; };
		18E198901DD48DBA00F272D4 /* LaunchScreen.storyboard in Resources */ = {isa = PBXBuildFile; fileRef = 18E1988E1DD48DBA00F272D4 /* LaunchScreen.storyboard */; };
		18E1989A1DD48DE100F272D4 /* XLWave.m in Sources */ = {isa = PBXBuildFile; fileRef = 18E198991DD48DE100F272D4 /* XLWave.m */; };
		18E1989D1DD48DF100F272D4 /* XLWaveProgress.m in Sources */ = {isa = PBXBuildFile; fileRef = 18E1989C1DD48DF100F272D4 /* XLWaveProgress.m */; };
/* End PBXBuildFile section */

/* Begin PBXFileReference section */
		18E1987D1DD48DBA00F272D4 /* XLWaveProgressDemo.app */ = {isa = PBXFileReference; explicitFileType = wrapper.application; includeInIndex = 0; path = XLWaveProgressDemo.app; sourceTree = BUILT_PRODUCTS_DIR; };
		18E198811DD48DBA00F272D4 /* main.m */ = {isa = PBXFileReference; lastKnownFileType = sourcecode.c.objc; path = main.m; sourceTree = "<group>"; };
		18E198831DD48DBA00F272D4 /* AppDelegate.h */ = {isa = PBXFileReference; lastKnownFileType = sourcecode.c.h; path = AppDelegate.h; sourceTree = "<group>"; };
		18E198841DD48DBA00F272D4 /* AppDelegate.m */ = {isa = PBXFileReference; lastKnownFileType = sourcecode.c.objc; path = AppDelegate.m; sourceTree = "<group>"; };
		18E198861DD48DBA00F272D4 /* ViewController.h */ = {isa = PBXFileReference; lastKnownFileType = sourcecode.c.h; path = ViewController.h; sourceTree = "<group>"; };
		18E198871DD48DBA00F272D4 /* ViewController.m */ = {isa = PBXFileReference; lastKnownFileType = sourcecode.c.objc; path = ViewController.m; sourceTree = "<group>"; };
		18E1988A1DD48DBA00F272D4 /* Base */ = {isa = PBXFileReference; lastKnownFileType = file.storyboard; name = Base; path = Base.lproj/Main.storyboard; sourceTree = "<group>"; };
		18E1988C1DD48DBA00F272D4 /* Assets.xcassets */ = {isa = PBXFileReference; lastKnownFileType = folder.assetcatalog; path = Assets.xcassets; sourceTree = "<group>"; };
		18E1988F1DD48DBA00F272D4 /* Base */ = {isa = PBXFileReference; lastKnownFileType = file.storyboard; name = Base; path = Base.lproj/LaunchScreen.storyboard; sourceTree = "<group>"; };
		18E198911DD48DBA00F272D4 /* Info.plist */ = {isa = PBXFileReference; lastKnownFileType = text.plist.xml; path = Info.plist; sourceTree = "<group>"; };
		18E198981DD48DE100F272D4 /* XLWave.h */ = {isa = PBXFileReference; fileEncoding = 4; lastKnownFileType = sourcecode.c.h; path = XLWave.h; sourceTree = "<group>"; };
		18E198991DD48DE100F272D4 /* XLWave.m */ = {isa = PBXFileReference; fileEncoding = 4; lastKnownFileType = sourcecode.c.objc; path = XLWave.m; sourceTree = "<group>"; };
		18E1989B1DD48DF100F272D4 /* XLWaveProgress.h */ = {isa = PBXFileReference; fileEncoding = 4; lastKnownFileType = sourcecode.c.h; path = XLWaveProgress.h; sourceTree = "<group>"; };
		18E1989C1DD48DF100F272D4 /* XLWaveProgress.m */ = {isa = PBXFileReference; fileEncoding = 4; lastKnownFileType = sourcecode.c.objc; path = XLWaveProgress.m; sourceTree = "<group>"; };
/* End PBXFileReference section */

/* Begin PBXFrameworksBuildPhase section */
		18E1987A1DD48DBA00F272D4 /* Frameworks */ = {
			isa = PBXFrameworksBuildPhase;
			buildActionMask = 2147483647;
			files = (
			);
			runOnlyForDeploymentPostprocessing = 0;
		};
/* End PBXFrameworksBuildPhase section */

/* Begin PBXGroup section */
		18E198741DD48DBA00F272D4 = {
			isa = PBXGroup;
			children = (
				18E198971DD48DD700F272D4 /* XLWaveProgress */,
				18E1987F1DD48DBA00F272D4 /* XLWaveProgressDemo */,
				18E1987E1DD48DBA00F272D4 /* Products */,
			);
			sourceTree = "<group>";
		};
		18E1987E1DD48DBA00F272D4 /* Products */ = {
			isa = PBXGroup;
			children = (
				18E1987D1DD48DBA00F272D4 /* XLWaveProgressDemo.app */,
			);
			name = Products;
			sourceTree = "<group>";
		};
		18E1987F1DD48DBA00F272D4 /* XLWaveProgressDemo */ = {
			isa = PBXGroup;
			children = (
				18E198831DD48DBA00F272D4 /* AppDelegate.h */,
				18E198841DD48DBA00F272D4 /* AppDelegate.m */,
				18E198861DD48DBA00F272D4 /* ViewController.h */,
				18E198871DD48DBA00F272D4 /* ViewController.m */,
				18E198891DD48DBA00F272D4 /* Main.storyboard */,
				18E1988C1DD48DBA00F272D4 /* Assets.xcassets */,
				18E1988E1DD48DBA00F272D4 /* LaunchScreen.storyboard */,
				18E198911DD48DBA00F272D4 /* Info.plist */,
				18E198801DD48DBA00F272D4 /* Supporting Files */,
			);
			path = XLWaveProgressDemo;
			sourceTree = "<group>";
		};
		18E198801DD48DBA00F272D4 /* Supporting Files */ = {
			isa = PBXGroup;
			children = (
				18E198811DD48DBA00F272D4 /* main.m */,
			);
			name = "Supporting Files";
			sourceTree = "<group>";
		};
		18E198971DD48DD700F272D4 /* XLWaveProgress */ = {
			isa = PBXGroup;
			children = (
				18E198981DD48DE100F272D4 /* XLWave.h */,
				18E198991DD48DE100F272D4 /* XLWave.m */,
				18E1989B1DD48DF100F272D4 /* XLWaveProgress.h */,
				18E1989C1DD48DF100F272D4 /* XLWaveProgress.m */,
			);
			path = XLWaveProgress;
			sourceTree = "<group>";
		};
/* End PBXGroup section */

/* Begin PBXNativeTarget section */
		18E1987C1DD48DBA00F272D4 /* XLWaveProgressDemo */ = {
			isa = PBXNativeTarget;
			buildConfigurationList = 18E198941DD48DBA00F272D4 /* Build configuration list for PBXNativeTarget "XLWaveProgressDemo" */;
			buildPhases = (
				18E198791DD48DBA00F272D4 /* Sources */,
				18E1987A1DD48DBA00F272D4 /* Frameworks */,
				18E1987B1DD48DBA00F272D4 /* Resources */,
			);
			buildRules = (
			);
			dependencies = (
			);
			name = XLWaveProgressDemo;
			productName = XLWaveProgressDemo;
			productReference = 18E1987D1DD48DBA00F272D4 /* XLWaveProgressDemo.app */;
			productType = "com.apple.product-type.application";
		};
/* End PBXNativeTarget section */

/* Begin PBXProject section */
		18E198751DD48DBA00F272D4 /* Project object */ = {
			isa = PBXProject;
			attributes = {
				LastUpgradeCheck = 0810;
				ORGANIZATIONNAME = Apple;
				TargetAttributes = {
					18E1987C1DD48DBA00F272D4 = {
						CreatedOnToolsVersion = 8.1;
						ProvisioningStyle = Manual;
					};
				};
			};
			buildConfigurationList = 18E198781DD48DBA00F272D4 /* Build configuration list for PBXProject "XLWaveProgressDemo" */;
			compatibilityVersion = "Xcode 3.2";
			developmentRegion = English;
			hasScannedForEncodings = 0;
			knownRegions = (
				en,
				Base,
			);
			mainGroup = 18E198741DD48DBA00F272D4;
			productRefGroup = 18E1987E1DD48DBA00F272D4 /* Products */;
			projectDirPath = "";
			projectRoot = "";
			targets = (
				18E1987C1DD48DBA00F272D4 /* XLWaveProgressDemo */,
			);
		};
/* End PBXProject section */

/* Begin PBXResourcesBuildPhase section */
		18E1987B1DD48DBA00F272D4 /* Resources */ = {
			isa = PBXResourcesBuildPhase;
			buildActionMask = 2147483647;
			files = (
				18E198901DD48DBA00F272D4 /* LaunchScreen.storyboard in Resources */,
				18E1988D1DD48DBA00F272D4 /* Assets.xcassets in Resources */,
				18E1988B1DD48DBA00F272D4 /* Main.storyboard in Resources */,
			);
			runOnlyForDeploymentPostprocessing = 0;
		};
/* End PBXResourcesBuildPhase section */

/* Begin PBXSourcesBuildPhase section */
		18E198791DD48DBA00F272D4 /* Sources */ = {
			isa = PBXSourcesBuildPhase;
			buildActionMask = 2147483647;
			files = (
				18E198881DD48DBA00F272D4 /* ViewController.m in Sources */,
				18E1989D1DD48DF100F272D4 /* XLWaveProgress.m in Sources */,
				18E198851DD48DBA00F272D4 /* AppDelegate.m in Sources */,
				18E1989A1DD48DE100F272D4 /* XLWave.m in Sources */,
				18E198821DD48DBA00F272D4 /* main.m in Sources */,
			);
			runOnlyForDeploymentPostprocessing = 0;
		};
/* End PBXSourcesBuildPhase section */

/* Begin PBXVariantGroup section */
		18E198891DD48DBA00F272D4 /* Main.storyboard */ = {
			isa = PBXVariantGroup;
			children = (
				18E1988A1DD48DBA00F272D4 /* Base */,
			);
			name = Main.storyboard;
			sourceTree = "<group>";
		};
		18E1988E1DD48DBA00F272D4 /* LaunchScreen.storyboard */ = {
			isa = PBXVariantGroup;
			children = (
				18E1988F1DD48DBA00F272D4 /* Base */,
			);
			name = LaunchScreen.storyboard;
			sourceTree = "<group>";
		};
/* End PBXVariantGroup section */

/* Begin XCBuildConfiguration section */
		18E198921DD48DBA00F272D4 /* Debug */ = {
			isa = XCBuildConfiguration;
			buildSettings = {
				ALWAYS_SEARCH_USER_PATHS = NO;
				CLANG_ANALYZER_NONNULL = YES;
				CLANG_CXX_LANGUAGE_STANDARD = "gnu++0x";
				CLANG_CXX_LIBRARY = "libc++";
				CLANG_ENABLE_MODULES = YES;
				CLANG_ENABLE_OBJC_ARC = YES;
				CLANG_WARN_BOOL_CONVERSION = YES;
				CLANG_WARN_CONSTANT_CONVERSION = YES;
				CLANG_WARN_DIRECT_OBJC_ISA_USAGE = YES_ERROR;
				CLANG_WARN_DOCUMENTATION_COMMENTS = YES;
				CLANG_WARN_EMPTY_BODY = YES;
				CLANG_WARN_ENUM_CONVERSION = YES;
				CLANG_WARN_INFINITE_RECURSION = YES;
				CLANG_WARN_INT_CONVERSION = YES;
				CLANG_WARN_OBJC_ROOT_CLASS = YES_ERROR;
				CLANG_WARN_SUSPICIOUS_MOVES = YES;
				CLANG_WARN_UNREACHABLE_CODE = YES;
				CLANG_WARN__DUPLICATE_METHOD_MATCH = YES;
				CODE_SIGN_IDENTITY = "iPhone Developer: xianliang meng (79SX5888C3)";
				CODE_SIGN_STYLE = Manual;
				COPY_PHASE_STRIP = NO;
				DEBUG_INFORMATION_FORMAT = dwarf;
				DEVELOPMENT_TEAM = X496RVQDTB;
				ENABLE_STRICT_OBJC_MSGSEND = YES;
				ENABLE_TESTABILITY = YES;
				GCC_C_LANGUAGE_STANDARD = gnu99;
				GCC_DYNAMIC_NO_PIC = NO;
				GCC_NO_COMMON_BLOCKS = YES;
				GCC_OPTIMIZATION_LEVEL = 0;
				GCC_PREPROCESSOR_DEFINITIONS = (
					"DEBUG=1",
					"$(inherited)",
				);
				GCC_WARN_64_TO_32_BIT_CONVERSION = YES;
				GCC_WARN_ABOUT_RETURN_TYPE = YES_ERROR;
				GCC_WARN_UNDECLARED_SELECTOR = YES;
				GCC_WARN_UNINITIALIZED_AUTOS = YES_AGGRESSIVE;
				GCC_WARN_UNUSED_FUNCTION = YES;
				GCC_WARN_UNUSED_VARIABLE = YES;
				IPHONEOS_DEPLOYMENT_TARGET = 10.1;
				MTL_ENABLE_DEBUG_INFO = YES;
				ONLY_ACTIVE_ARCH = YES;
				PROVISIONING_PROFILE = "78c48479-d780-497e-ab3b-acd5638b252e";
				SDKROOT = iphoneos;
			};
			name = Debug;
		};
		18E198931DD48DBA00F272D4 /* Release */ = {
			isa = XCBuildConfiguration;
			buildSettings = {
				ALWAYS_SEARCH_USER_PATHS = NO;
				CLANG_ANALYZER_NONNULL = YES;
				CLANG_CXX_LANGUAGE_STANDARD = "gnu++0x";
				CLANG_CXX_LIBRARY = "libc++";
				CLANG_ENABLE_MODULES = YES;
				CLANG_ENABLE_OBJC_ARC = YES;
				CLANG_WARN_BOOL_CONVERSION = YES;
				CLANG_WARN_CONSTANT_CONVERSION = YES;
				CLANG_WARN_DIRECT_OBJC_ISA_USAGE = YES_ERROR;
				CLANG_WARN_DOCUMENTATION_COMMENTS = YES;
				CLANG_WARN_EMPTY_BODY = YES;
				CLANG_WARN_ENUM_CONVERSION = YES;
				CLANG_WARN_INFINITE_RECURSION = YES;
				CLANG_WARN_INT_CONVERSION = YES;
				CLANG_WARN_OBJC_ROOT_CLASS = YES_ERROR;
				CLANG_WARN_SUSPICIOUS_MOVES = YES;
				CLANG_WARN_UNREACHABLE_CODE = YES;
				CLANG_WARN__DUPLICATE_METHOD_MATCH = YES;
				CODE_SIGN_IDENTITY = "iPhone Developer: xianliang meng (79SX5888C3)";
				CODE_SIGN_STYLE = Manual;
				COPY_PHASE_STRIP = NO;
				DEBUG_INFORMATION_FORMAT = "dwarf-with-dsym";
				DEVELOPMENT_TEAM = X496RVQDTB;
				ENABLE_NS_ASSERTIONS = NO;
				ENABLE_STRICT_OBJC_MSGSEND = YES;
				GCC_C_LANGUAGE_STANDARD = gnu99;
				GCC_NO_COMMON_BLOCKS = YES;
				GCC_WARN_64_TO_32_BIT_CONVERSION = YES;
				GCC_WARN_ABOUT_RETURN_TYPE = YES_ERROR;
				GCC_WARN_UNDECLARED_SELECTOR = YES;
				GCC_WARN_UNINITIALIZED_AUTOS = YES_AGGRESSIVE;
				GCC_WARN_UNUSED_FUNCTION = YES;
				GCC_WARN_UNUSED_VARIABLE = YES;
				IPHONEOS_DEPLOYMENT_TARGET = 10.1;
				MTL_ENABLE_DEBUG_INFO = NO;
				PROVISIONING_PROFILE = "78c48479-d780-497e-ab3b-acd5638b252e";
				SDKROOT = iphoneos;
				VALIDATE_PRODUCT = YES;
			};
			name = Release;
		};
		18E198951DD48DBA00F272D4 /* Debug */ = {
			isa = XCBuildConfiguration;
			buildSettings = {
				ASSETCATALOG_COMPILER_APPICON_NAME = AppIcon;
				CODE_SIGN_IDENTITY = "iPhone Developer: xianliang meng (79SX5888C3)";
				DEVELOPMENT_TEAM = "";
				INFOPLIST_FILE = XLWaveProgressDemo/Info.plist;
				LD_RUNPATH_SEARCH_PATHS = "$(inherited) @executable_path/Frameworks";
				PRODUCT_BUNDLE_IDENTIFIER = mxl.XLWaveProgressDemo;
				PRODUCT_NAME = "$(TARGET_NAME)";
				PROVISIONING_PROFILE = "78c48479-d780-497e-ab3b-acd5638b252e";
				PROVISIONING_PROFILE_SPECIFIER = mxlDev;
			};
			name = Debug;
		};
		18E198961DD48DBA00F272D4 /* Release */ = {
			isa = XCBuildConfiguration;
			buildSettings = {
				ASSETCATALOG_COMPILER_APPICON_NAME = AppIcon;
				CODE_SIGN_IDENTITY = "iPhone Developer: xianliang meng (79SX5888C3)";
				DEVELOPMENT_TEAM = "";
				INFOPLIST_FILE = XLWaveProgressDemo/Info.plist;
				LD_RUNPATH_SEARCH_PATHS = "$(inherited) @executable_path/Frameworks";
				PRODUCT_BUNDLE_IDENTIFIER = mxl.XLWaveProgressDemo;
				PRODUCT_NAME = "$(TARGET_NAME)";
				PROVISIONING_PROFILE = "78c48479-d780-497e-ab3b-acd5638b252e";
				PROVISIONING_PROFILE_SPECIFIER = mxlDev;
			};
			name = Release;
		};
/* End XCBuildConfiguration section */

/* Begin XCConfigurationList section */
		18E198781DD48DBA00F272D4 /* Build configuration list for PBXProject "XLWaveProgressDemo" */ = {
			isa = XCConfigurationList;
			buildConfigurations = (
				18E198921DD48DBA00F272D4 /* Debug */,
				18E198931DD48DBA00F272D4 /* Release */,
			);
			defaultConfigurationIsVisible = 0;
			defaultConfigurationName = Release;
		};
		18E198941DD48DBA00F272D4 /* Build configuration list for PBXNativeTarget "XLWaveProgressDemo" */ = {
			isa = XCConfigurationList;
			buildConfigurations = (
				18E198951DD48DBA00F272D4 /* Debug */,
				18E198961DD48DBA00F272D4 /* Release */,
			);
			defaultConfigurationIsVisible = 0;
			defaultConfigurationName = Release;
		};
/* End XCConfigurationList section */
	};
	rootObject = 18E198751DD48DBA00F272D4 /* Project object */;
}
